
Microsoft Visual Studio Solution File, Format Version 12.00
# Visual Studio Version 17
VisualStudioVersion = 17.9.34622.214
MinimumVisualStudioVersion = 10.0.40219.1
Project("{FAE04EC0-301F-11D3-BF4B-00C04F79EFBC}") = "Starls.Assets.Presentation", "Starls.Assets.Presentation\Starls.Assets.Presentation.csproj", "{8D485500-7B95-40A4-B766-957FE4F3004F}"
EndProject
Project("{FAE04EC0-301F-11D3-BF4B-00C04F79EFBC}") = "Starls.Assets.Service", "Starls.Assets.Service\Starls.Assets.Service.csproj", "{99BF083A-B632-4467-939F-9695A3776461}"
EndProject
Project("{FAE04EC0-301F-11D3-BF4B-00C04F79EFBC}") = "Starls.Assets.DTO", "Starls.Assets.DTO\Starls.Assets.DTO.csproj", "{4613F21A-6D04-4BF4-A561-178AE01811E8}"
EndProject
Global
	GlobalSection(SolutionConfigurationPlatforms) = preSolution
		Debug|Any CPU = Debug|Any CPU
		Release|Any CPU = Release|Any CPU
	EndGlobalSection
	GlobalSection(ProjectConfigurationPlatforms) = postSolution
		{8D485500-7B95-40A4-B766-957FE4F3004F}.Debug|Any CPU.ActiveCfg = Debug|Any CPU
		{8D485500-7B95-40A4-B766-957FE4F3004F}.Debug|Any CPU.Build.0 = Debug|Any CPU
		{8D485500-7B95-40A4-B766-957FE4F3004F}.Release|Any CPU.ActiveCfg = Release|Any CPU
		{8D485500-7B95-40A4-B766-957FE4F3004F}.Release|Any CPU.Build.0 = Release|Any CPU
		{99BF083A-B632-4467-939F-9695A3776461}.Debug|Any CPU.ActiveCfg = Debug|Any CPU
		{99BF083A-B632-4467-939F-9695A3776461}.Debug|Any CPU.Build.0 = Debug|Any CPU
		{99BF083A-B632-4467-939F-9695A3776461}.Release|Any CPU.ActiveCfg = Release|Any CPU
		{99BF083A-B632-4467-939F-9695A3776461}.Release|Any CPU.Build.0 = Release|Any CPU
		{4613F21A-6D04-4BF4-A561-178AE01811E8}.Debug|Any CPU.ActiveCfg = Debug|Any CPU
		{4613F21A-6D04-4BF4-A561-178AE01811E8}.Debug|Any CPU.Build.0 = Debug|Any CPU
		{4613F21A-6D04-4BF4-A561-178AE01811E8}.Release|Any CPU.ActiveCfg = Release|Any CPU
		{4613F21A-6D04-4BF4-A561-178AE01811E8}.Release|Any CPU.Build.0 = Release|Any CPU
	EndGlobalSection
	GlobalSection(SolutionProperties) = preSolution
		HideSolutionNode = FALSE
	EndGlobalSection
	GlobalSection(ExtensibilityGlobals) = postSolution
		SolutionGuid = {4DCF0376-4EFB-4063-878B-063EAC8759C4}
	EndGlobalSection
EndGlobal
