
Microsoft Visual Studio Solution File, Format Version 12.00
# Visual Studio Version 17
VisualStudioVersion = 17.0.31903.59
MinimumVisualStudioVersion = 10.0.40219.1
Project("{2150E333-8FDC-42A3-9474-1A3956D46DE8}") = "Presenter", "Presenter", "{058436FC-E7F9-490F-9135-2D685196EB84}"
EndProject
Project("{FAE04EC0-301F-11D3-BF4B-00C04F79EFBC}") = "MyTheFourth.Frontend.Web", "src\MyTheFourth.Frontend\MyTheFourth.Frontend.Web\MyTheFourth.Frontend.Web.csproj", "{6EB8E59E-F19F-4521-A8DA-CC0AC6C46508}"
EndProject
Project("{FAE04EC0-301F-11D3-BF4B-00C04F79EFBC}") = "MyTheFourth.Frontend.Web.Client", "src\MyTheFourth.Frontend\MyTheFourth.Frontend.Web.Client\MyTheFourth.Frontend.Web.Client.csproj", "{3BF030AF-5D26-4F83-A09E-2A4195C9216D}"
EndProject
Global
	GlobalSection(SolutionConfigurationPlatforms) = preSolution
		Debug|Any CPU = Debug|Any CPU
		Release|Any CPU = Release|Any CPU
	EndGlobalSection
	GlobalSection(SolutionProperties) = preSolution
		HideSolutionNode = FALSE
	EndGlobalSection
	GlobalSection(ProjectConfigurationPlatforms) = postSolution
		{6EB8E59E-F19F-4521-A8DA-CC0AC6C46508}.Debug|Any CPU.ActiveCfg = Debug|Any CPU
		{6EB8E59E-F19F-4521-A8DA-CC0AC6C46508}.Debug|Any CPU.Build.0 = Debug|Any CPU
		{6EB8E59E-F19F-4521-A8DA-CC0AC6C46508}.Release|Any CPU.ActiveCfg = Release|Any CPU
		{6EB8E59E-F19F-4521-A8DA-CC0AC6C46508}.Release|Any CPU.Build.0 = Release|Any CPU
		{3BF030AF-5D26-4F83-A09E-2A4195C9216D}.Debug|Any CPU.ActiveCfg = Debug|Any CPU
		{3BF030AF-5D26-4F83-A09E-2A4195C9216D}.Debug|Any CPU.Build.0 = Debug|Any CPU
		{3BF030AF-5D26-4F83-A09E-2A4195C9216D}.Release|Any CPU.ActiveCfg = Release|Any CPU
		{3BF030AF-5D26-4F83-A09E-2A4195C9216D}.Release|Any CPU.Build.0 = Release|Any CPU
	EndGlobalSection
	GlobalSection(NestedProjects) = preSolution
		{6EB8E59E-F19F-4521-A8DA-CC0AC6C46508} = {058436FC-E7F9-490F-9135-2D685196EB84}
		{3BF030AF-5D26-4F83-A09E-2A4195C9216D} = {058436FC-E7F9-490F-9135-2D685196EB84}
	EndGlobalSection
EndGlobal
